
Microsoft Visual Studio Solution File, Format Version 12.00
# Visual Studio 14
VisualStudioVersion = 14.0.25420.1
MinimumVisualStudioVersion = 10.0.40219.1
Project("{FAE04EC0-301F-11D3-BF4B-00C04F79EFBC}") = "GOT.InformationApp", "GOT.InformationApp\GOT.InformationApp.csproj", "{B46E6EE6-0630-48A5-8FCF-8498E4B2E24C}"
EndProject
Project("{FAE04EC0-301F-11D3-BF4B-00C04F79EFBC}") = "GOT.Services", "GOT.Services\GOT.Services.csproj", "{630EF86E-60A3-400C-88B2-D38A97721CB2}"
EndProject
Project("{FAE04EC0-301F-11D3-BF4B-00C04F79EFBC}") = "GOT.DataAccess", "GOT.DataAccess\GOT.DataAccess.csproj", "{99D8E840-AB0F-4254-B58B-FFCD75EAFA77}"
EndProject
Project("{FAE04EC0-301F-11D3-BF4B-00C04F79EFBC}") = "GOT.Models", "GTO.Models\GOT.Models.csproj", "{939BD206-B817-4640-BC87-74FC835F0B3B}"
EndProject
Global
	GlobalSection(SolutionConfigurationPlatforms) = preSolution
		Debug|Any CPU = Debug|Any CPU
		Debug|x64 = Debug|x64
		Debug|x86 = Debug|x86
		Release|Any CPU = Release|Any CPU
		Release|x64 = Release|x64
		Release|x86 = Release|x86
	EndGlobalSection
	GlobalSection(ProjectConfigurationPlatforms) = postSolution
		{B46E6EE6-0630-48A5-8FCF-8498E4B2E24C}.Debug|Any CPU.ActiveCfg = Debug|x86
		{B46E6EE6-0630-48A5-8FCF-8498E4B2E24C}.Debug|Any CPU.Build.0 = Debug|x86
		{B46E6EE6-0630-48A5-8FCF-8498E4B2E24C}.Debug|x64.ActiveCfg = Debug|x64
		{B46E6EE6-0630-48A5-8FCF-8498E4B2E24C}.Debug|x64.Build.0 = Debug|x64
		{B46E6EE6-0630-48A5-8FCF-8498E4B2E24C}.Debug|x86.ActiveCfg = Debug|x64
		{B46E6EE6-0630-48A5-8FCF-8498E4B2E24C}.Debug|x86.Build.0 = Debug|x64
		{B46E6EE6-0630-48A5-8FCF-8498E4B2E24C}.Release|Any CPU.ActiveCfg = Release|x86
		{B46E6EE6-0630-48A5-8FCF-8498E4B2E24C}.Release|x64.ActiveCfg = Release|x64
		{B46E6EE6-0630-48A5-8FCF-8498E4B2E24C}.Release|x64.Build.0 = Release|x64
		{B46E6EE6-0630-48A5-8FCF-8498E4B2E24C}.Release|x86.ActiveCfg = Release|x86
		{B46E6EE6-0630-48A5-8FCF-8498E4B2E24C}.Release|x86.Build.0 = Release|x86
		{630EF86E-60A3-400C-88B2-D38A97721CB2}.Debug|Any CPU.ActiveCfg = Debug|Any CPU
		{630EF86E-60A3-400C-88B2-D38A97721CB2}.Debug|Any CPU.Build.0 = Debug|Any CPU
		{630EF86E-60A3-400C-88B2-D38A97721CB2}.Debug|x64.ActiveCfg = Debug|x64
		{630EF86E-60A3-400C-88B2-D38A97721CB2}.Debug|x64.Build.0 = Debug|x64
		{630EF86E-60A3-400C-88B2-D38A97721CB2}.Debug|x86.ActiveCfg = Debug|Any CPU
		{630EF86E-60A3-400C-88B2-D38A97721CB2}.Debug|x86.Build.0 = Debug|Any CPU
		{630EF86E-60A3-400C-88B2-D38A97721CB2}.Release|Any CPU.ActiveCfg = Release|Any CPU
		{630EF86E-60A3-400C-88B2-D38A97721CB2}.Release|Any CPU.Build.0 = Release|Any CPU
		{630EF86E-60A3-400C-88B2-D38A97721CB2}.Release|x64.ActiveCfg = Release|x64
		{630EF86E-60A3-400C-88B2-D38A97721CB2}.Release|x64.Build.0 = Release|x64
		{630EF86E-60A3-400C-88B2-D38A97721CB2}.Release|x86.ActiveCfg = Release|Any CPU
		{630EF86E-60A3-400C-88B2-D38A97721CB2}.Release|x86.Build.0 = Release|Any CPU
		{99D8E840-AB0F-4254-B58B-FFCD75EAFA77}.Debug|Any CPU.ActiveCfg = Debug|Any CPU
		{99D8E840-AB0F-4254-B58B-FFCD75EAFA77}.Debug|Any CPU.Build.0 = Debug|Any CPU
		{99D8E840-AB0F-4254-B58B-FFCD75EAFA77}.Debug|x64.ActiveCfg = Debug|x64
		{99D8E840-AB0F-4254-B58B-FFCD75EAFA77}.Debug|x64.Build.0 = Debug|x64
		{99D8E840-AB0F-4254-B58B-FFCD75EAFA77}.Debug|x86.ActiveCfg = Debug|Any CPU
		{99D8E840-AB0F-4254-B58B-FFCD75EAFA77}.Debug|x86.Build.0 = Debug|Any CPU
		{99D8E840-AB0F-4254-B58B-FFCD75EAFA77}.Release|Any CPU.ActiveCfg = Release|Any CPU
		{99D8E840-AB0F-4254-B58B-FFCD75EAFA77}.Release|Any CPU.Build.0 = Release|Any CPU
		{99D8E840-AB0F-4254-B58B-FFCD75EAFA77}.Release|x64.ActiveCfg = Release|x64
		{99D8E840-AB0F-4254-B58B-FFCD75EAFA77}.Release|x64.Build.0 = Release|x64
		{99D8E840-AB0F-4254-B58B-FFCD75EAFA77}.Release|x86.ActiveCfg = Release|Any CPU
		{99D8E840-AB0F-4254-B58B-FFCD75EAFA77}.Release|x86.Build.0 = Release|Any CPU
		{939BD206-B817-4640-BC87-74FC835F0B3B}.Debug|Any CPU.ActiveCfg = Debug|Any CPU
		{939BD206-B817-4640-BC87-74FC835F0B3B}.Debug|Any CPU.Build.0 = Debug|Any CPU
		{939BD206-B817-4640-BC87-74FC835F0B3B}.Debug|x64.ActiveCfg = Debug|x64
		{939BD206-B817-4640-BC87-74FC835F0B3B}.Debug|x64.Build.0 = Debug|x64
		{939BD206-B817-4640-BC87-74FC835F0B3B}.Debug|x86.ActiveCfg = Debug|Any CPU
		{939BD206-B817-4640-BC87-74FC835F0B3B}.Debug|x86.Build.0 = Debug|Any CPU
		{939BD206-B817-4640-BC87-74FC835F0B3B}.Release|Any CPU.ActiveCfg = Release|Any CPU
		{939BD206-B817-4640-BC87-74FC835F0B3B}.Release|Any CPU.Build.0 = Release|Any CPU
		{939BD206-B817-4640-BC87-74FC835F0B3B}.Release|x64.ActiveCfg = Release|x64
		{939BD206-B817-4640-BC87-74FC835F0B3B}.Release|x64.Build.0 = Release|x64
		{939BD206-B817-4640-BC87-74FC835F0B3B}.Release|x86.ActiveCfg = Release|Any CPU
		{939BD206-B817-4640-BC87-74FC835F0B3B}.Release|x86.Build.0 = Release|Any CPU
	EndGlobalSection
	GlobalSection(SolutionProperties) = preSolution
		HideSolutionNode = FALSE
	EndGlobalSection
	GlobalSection(ExtensibilityGlobals) = postSolution
		SolutionGuid = {1C48018E-C5C8-4EA9-A2D7-5D0B4933537A}
	EndGlobalSection
EndGlobal
